// !$*UTF8*$!
{
	archiveVersion = 1;
	classes = {
	};
	objectVersion = 50;
	objects = {

/* Begin PBXBuildFile section */
		41D739A82625050E00CD96B7 /* AzulNX2Ethernet.h in Headers */ = {isa = PBXBuildFile; fileRef = 41D739A72625050E00CD96B7 /* AzulNX2Ethernet.h */; };
		41D739AA2625050E00CD96B7 /* AzulNX2Ethernet.cpp in Sources */ = {isa = PBXBuildFile; fileRef = 41D739A92625050E00CD96B7 /* AzulNX2Ethernet.cpp */; };
		41E932EF2625057700AAD2D2 /* libkmod.a in Frameworks */ = {isa = PBXBuildFile; fileRef = 41E932EE2625057700AAD2D2 /* libkmod.a */; };
		41E932F42625078000AAD2D2 /* Private.cpp in Sources */ = {isa = PBXBuildFile; fileRef = 41E932F32625078000AAD2D2 /* Private.cpp */; };
		41E932F92625157E00AAD2D2 /* Controller.cpp in Sources */ = {isa = PBXBuildFile; fileRef = 41E932F82625157E00AAD2D2 /* Controller.cpp */; };
		41E93300262B60C500AAD2D2 /* PHY.cpp in Sources */ = {isa = PBXBuildFile; fileRef = 41E932FF262B60C500AAD2D2 /* PHY.cpp */; };
		41E9330B2634AB5000AAD2D2 /* TransmitReceive.cpp in Sources */ = {isa = PBXBuildFile; fileRef = 41E9330A2634AB4F00AAD2D2 /* TransmitReceive.cpp */; };
/* End PBXBuildFile section */

/* Begin PBXFileReference section */
		41D739A42625050E00CD96B7 /* AzulNX2Ethernet.kext */ = {isa = PBXFileReference; explicitFileType = wrapper.cfbundle; includeInIndex = 0; path = AzulNX2Ethernet.kext; sourceTree = BUILT_PRODUCTS_DIR; };
		41D739A72625050E00CD96B7 /* AzulNX2Ethernet.h */ = {isa = PBXFileReference; lastKnownFileType = sourcecode.c.h; path = AzulNX2Ethernet.h; sourceTree = "<group>"; };
		41D739A92625050E00CD96B7 /* AzulNX2Ethernet.cpp */ = {isa = PBXFileReference; lastKnownFileType = sourcecode.cpp.cpp; path = AzulNX2Ethernet.cpp; sourceTree = "<group>"; };
		41D739AB2625050E00CD96B7 /* Info.plist */ = {isa = PBXFileReference; lastKnownFileType = text.plist.xml; path = Info.plist; sourceTree = "<group>"; };
		41E932EE2625057700AAD2D2 /* libkmod.a */ = {isa = PBXFileReference; lastKnownFileType = archive.ar; name = libkmod.a; path = MacKernelSDK/Library/x86_64/libkmod.a; sourceTree = "<group>"; };
		41E932F22625066800AAD2D2 /* Registers.h */ = {isa = PBXFileReference; lastKnownFileType = sourcecode.c.h; path = Registers.h; sourceTree = "<group>"; };
		41E932F32625078000AAD2D2 /* Private.cpp */ = {isa = PBXFileReference; lastKnownFileType = sourcecode.cpp.cpp; path = Private.cpp; sourceTree = "<group>"; };
		41E932F82625157E00AAD2D2 /* Controller.cpp */ = {isa = PBXFileReference; lastKnownFileType = sourcecode.cpp.cpp; path = Controller.cpp; sourceTree = "<group>"; };
		41E932FB2626650F00AAD2D2 /* Firmware.h */ = {isa = PBXFileReference; lastKnownFileType = sourcecode.c.h; path = Firmware.h; sourceTree = "<group>"; };
		41E932FD26267F9C00AAD2D2 /* FirmwareStructs.h */ = {isa = PBXFileReference; lastKnownFileType = sourcecode.c.h; path = FirmwareStructs.h; sourceTree = "<group>"; };
		41E932FF262B60C500AAD2D2 /* PHY.cpp */ = {isa = PBXFileReference; lastKnownFileType = sourcecode.cpp.cpp; path = PHY.cpp; sourceTree = "<group>"; };
		41E93303262BA84600AAD2D2 /* PHY.h */ = {isa = PBXFileReference; lastKnownFileType = sourcecode.c.h; path = PHY.h; sourceTree = "<group>"; };
		41E93307263478DA00AAD2D2 /* HwBuffers.h */ = {isa = PBXFileReference; lastKnownFileType = sourcecode.c.h; path = HwBuffers.h; sourceTree = "<group>"; };
		41E9330A2634AB4F00AAD2D2 /* TransmitReceive.cpp */ = {isa = PBXFileReference; lastKnownFileType = sourcecode.cpp.cpp; path = TransmitReceive.cpp; sourceTree = "<group>"; };
/* End PBXFileReference section */

/* Begin PBXFrameworksBuildPhase section */
		41D739A12625050E00CD96B7 /* Frameworks */ = {
			isa = PBXFrameworksBuildPhase;
			buildActionMask = 2147483647;
			files = (
				41E932EF2625057700AAD2D2 /* libkmod.a in Frameworks */,
			);
			runOnlyForDeploymentPostprocessing = 0;
		};
/* End PBXFrameworksBuildPhase section */

/* Begin PBXGroup section */
		41D7399A2625050D00CD96B7 = {
			isa = PBXGroup;
			children = (
				41D739A62625050E00CD96B7 /* AzulNX2Ethernet */,
				41D739A52625050E00CD96B7 /* Products */,
				41E932ED2625057700AAD2D2 /* Frameworks */,
			);
			sourceTree = "<group>";
		};
		41D739A52625050E00CD96B7 /* Products */ = {
			isa = PBXGroup;
			children = (
				41D739A42625050E00CD96B7 /* AzulNX2Ethernet.kext */,
			);
			name = Products;
			sourceTree = "<group>";
		};
		41D739A62625050E00CD96B7 /* AzulNX2Ethernet */ = {
			isa = PBXGroup;
			children = (
				41D739A92625050E00CD96B7 /* AzulNX2Ethernet.cpp */,
				41D739A72625050E00CD96B7 /* AzulNX2Ethernet.h */,
				41E932F82625157E00AAD2D2 /* Controller.cpp */,
				41E932FB2626650F00AAD2D2 /* Firmware.h */,
				41E932FD26267F9C00AAD2D2 /* FirmwareStructs.h */,
				41E93307263478DA00AAD2D2 /* HwBuffers.h */,
				41D739AB2625050E00CD96B7 /* Info.plist */,
				41E932FF262B60C500AAD2D2 /* PHY.cpp */,
				41E93303262BA84600AAD2D2 /* PHY.h */,
				41E932F32625078000AAD2D2 /* Private.cpp */,
				41E932F22625066800AAD2D2 /* Registers.h */,
				41E9330A2634AB4F00AAD2D2 /* TransmitReceive.cpp */,
			);
			path = AzulNX2Ethernet;
			sourceTree = "<group>";
		};
		41E932ED2625057700AAD2D2 /* Frameworks */ = {
			isa = PBXGroup;
			children = (
				41E932EE2625057700AAD2D2 /* libkmod.a */,
			);
			name = Frameworks;
			sourceTree = "<group>";
		};
/* End PBXGroup section */

/* Begin PBXHeadersBuildPhase section */
		41D7399F2625050E00CD96B7 /* Headers */ = {
			isa = PBXHeadersBuildPhase;
			buildActionMask = 2147483647;
			files = (
				41D739A82625050E00CD96B7 /* AzulNX2Ethernet.h in Headers */,
			);
			runOnlyForDeploymentPostprocessing = 0;
		};
/* End PBXHeadersBuildPhase section */

/* Begin PBXNativeTarget section */
		41D739A32625050E00CD96B7 /* AzulNX2Ethernet */ = {
			isa = PBXNativeTarget;
			buildConfigurationList = 41D739AE2625050E00CD96B7 /* Build configuration list for PBXNativeTarget "AzulNX2Ethernet" */;
			buildPhases = (
				41D7399F2625050E00CD96B7 /* Headers */,
				41D739A02625050E00CD96B7 /* Sources */,
				41D739A12625050E00CD96B7 /* Frameworks */,
				41D739A22625050E00CD96B7 /* Resources */,
			);
			buildRules = (
			);
			dependencies = (
			);
			name = AzulNX2Ethernet;
			productName = AzulNX2Ethernet;
			productReference = 41D739A42625050E00CD96B7 /* AzulNX2Ethernet.kext */;
			productType = "com.apple.product-type.kernel-extension";
		};
/* End PBXNativeTarget section */

/* Begin PBXProject section */
		41D7399B2625050D00CD96B7 /* Project object */ = {
			isa = PBXProject;
			attributes = {
				LastUpgradeCheck = 1240;
				TargetAttributes = {
					41D739A32625050E00CD96B7 = {
						CreatedOnToolsVersion = 12.4;
					};
				};
			};
			buildConfigurationList = 41D7399E2625050D00CD96B7 /* Build configuration list for PBXProject "AzulNX2Ethernet" */;
			compatibilityVersion = "Xcode 9.3";
			developmentRegion = en;
			hasScannedForEncodings = 0;
			knownRegions = (
				en,
				Base,
			);
			mainGroup = 41D7399A2625050D00CD96B7;
			productRefGroup = 41D739A52625050E00CD96B7 /* Products */;
			projectDirPath = "";
			projectRoot = "";
			targets = (
				41D739A32625050E00CD96B7 /* AzulNX2Ethernet */,
			);
		};
/* End PBXProject section */

/* Begin PBXResourcesBuildPhase section */
		41D739A22625050E00CD96B7 /* Resources */ = {
			isa = PBXResourcesBuildPhase;
			buildActionMask = 2147483647;
			files = (
			);
			runOnlyForDeploymentPostprocessing = 0;
		};
/* End PBXResourcesBuildPhase section */

/* Begin PBXSourcesBuildPhase section */
		41D739A02625050E00CD96B7 /* Sources */ = {
			isa = PBXSourcesBuildPhase;
			buildActionMask = 2147483647;
			files = (
				41D739AA2625050E00CD96B7 /* AzulNX2Ethernet.cpp in Sources */,
				41E93300262B60C500AAD2D2 /* PHY.cpp in Sources */,
				41E932F92625157E00AAD2D2 /* Controller.cpp in Sources */,
				41E9330B2634AB5000AAD2D2 /* TransmitReceive.cpp in Sources */,
				41E932F42625078000AAD2D2 /* Private.cpp in Sources */,
			);
			runOnlyForDeploymentPostprocessing = 0;
		};
/* End PBXSourcesBuildPhase section */

/* Begin XCBuildConfiguration section */
		41D739AC2625050E00CD96B7 /* Debug */ = {
			isa = XCBuildConfiguration;
			buildSettings = {
				ALWAYS_SEARCH_USER_PATHS = NO;
				CLANG_ANALYZER_NONNULL = YES;
				CLANG_ANALYZER_NUMBER_OBJECT_CONVERSION = YES_AGGRESSIVE;
				CLANG_CXX_LANGUAGE_STANDARD = "gnu++14";
				CLANG_CXX_LIBRARY = "libc++";
				CLANG_ENABLE_MODULES = YES;
				CLANG_ENABLE_OBJC_ARC = YES;
				CLANG_ENABLE_OBJC_WEAK = YES;
				CLANG_WARN_BLOCK_CAPTURE_AUTORELEASING = YES;
				CLANG_WARN_BOOL_CONVERSION = YES;
				CLANG_WARN_COMMA = YES;
				CLANG_WARN_CONSTANT_CONVERSION = YES;
				CLANG_WARN_DEPRECATED_OBJC_IMPLEMENTATIONS = YES;
				CLANG_WARN_DIRECT_OBJC_ISA_USAGE = YES_ERROR;
				CLANG_WARN_DOCUMENTATION_COMMENTS = YES;
				CLANG_WARN_EMPTY_BODY = YES;
				CLANG_WARN_ENUM_CONVERSION = YES;
				CLANG_WARN_INFINITE_RECURSION = YES;
				CLANG_WARN_INT_CONVERSION = YES;
				CLANG_WARN_NON_LITERAL_NULL_CONVERSION = YES;
				CLANG_WARN_OBJC_IMPLICIT_RETAIN_SELF = YES;
				CLANG_WARN_OBJC_LITERAL_CONVERSION = YES;
				CLANG_WARN_OBJC_ROOT_CLASS = YES_ERROR;
				CLANG_WARN_QUOTED_INCLUDE_IN_FRAMEWORK_HEADER = YES;
				CLANG_WARN_RANGE_LOOP_ANALYSIS = YES;
				CLANG_WARN_STRICT_PROTOTYPES = YES;
				CLANG_WARN_SUSPICIOUS_MOVE = YES;
				CLANG_WARN_UNGUARDED_AVAILABILITY = YES_AGGRESSIVE;
				CLANG_WARN_UNREACHABLE_CODE = YES;
				CLANG_WARN__DUPLICATE_METHOD_MATCH = YES;
				COPY_PHASE_STRIP = NO;
				DEBUG_INFORMATION_FORMAT = dwarf;
				ENABLE_STRICT_OBJC_MSGSEND = YES;
				ENABLE_TESTABILITY = YES;
				GCC_C_LANGUAGE_STANDARD = gnu11;
				GCC_DYNAMIC_NO_PIC = NO;
				GCC_NO_COMMON_BLOCKS = YES;
				GCC_OPTIMIZATION_LEVEL = 0;
				GCC_PREPROCESSOR_DEFINITIONS = (
					"DEBUG=1",
					"$(inherited)",
				);
				GCC_WARN_64_TO_32_BIT_CONVERSION = YES;
				GCC_WARN_ABOUT_RETURN_TYPE = YES_ERROR;
				GCC_WARN_UNDECLARED_SELECTOR = YES;
				GCC_WARN_UNINITIALIZED_AUTOS = YES_AGGRESSIVE;
				GCC_WARN_UNUSED_FUNCTION = YES;
				GCC_WARN_UNUSED_VARIABLE = YES;
				KERNEL_EXTENSION_HEADER_SEARCH_PATHS = "$(PROJECT_DIR)/MacKernelSDK/Headers";
				KERNEL_FRAMEWORK_HEADERS = "$(PROJECT_DIR)/MacKernelSDK/Headers";
				MACOSX_DEPLOYMENT_TARGET = 10.9;
				MTL_ENABLE_DEBUG_INFO = INCLUDE_SOURCE;
				MTL_FAST_MATH = YES;
				ONLY_ACTIVE_ARCH = YES;
				SDKROOT = macosx;
			};
			name = Debug;
		};
		41D739AD2625050E00CD96B7 /* Release */ = {
			isa = XCBuildConfiguration;
			buildSettings = {
				ALWAYS_SEARCH_USER_PATHS = NO;
				CLANG_ANALYZER_NONNULL = YES;
				CLANG_ANALYZER_NUMBER_OBJECT_CONVERSION = YES_AGGRESSIVE;
				CLANG_CXX_LANGUAGE_STANDARD = "gnu++14";
				CLANG_CXX_LIBRARY = "libc++";
				CLANG_ENABLE_MODULES = YES;
				CLANG_ENABLE_OBJC_ARC = YES;
				CLANG_ENABLE_OBJC_WEAK = YES;
				CLANG_WARN_BLOCK_CAPTURE_AUTORELEASING = YES;
				CLANG_WARN_BOOL_CONVERSION = YES;
				CLANG_WARN_COMMA = YES;
				CLANG_WARN_CONSTANT_CONVERSION = YES;
				CLANG_WARN_DEPRECATED_OBJC_IMPLEMENTATIONS = YES;
				CLANG_WARN_DIRECT_OBJC_ISA_USAGE = YES_ERROR;
				CLANG_WARN_DOCUMENTATION_COMMENTS = YES;
				CLANG_WARN_EMPTY_BODY = YES;
				CLANG_WARN_ENUM_CONVERSION = YES;
				CLANG_WARN_INFINITE_RECURSION = YES;
				CLANG_WARN_INT_CONVERSION = YES;
				CLANG_WARN_NON_LITERAL_NULL_CONVERSION = YES;
				CLANG_WARN_OBJC_IMPLICIT_RETAIN_SELF = YES;
				CLANG_WARN_OBJC_LITERAL_CONVERSION = YES;
				CLANG_WARN_OBJC_ROOT_CLASS = YES_ERROR;
				CLANG_WARN_QUOTED_INCLUDE_IN_FRAMEWORK_HEADER = YES;
				CLANG_WARN_RANGE_LOOP_ANALYSIS = YES;
				CLANG_WARN_STRICT_PROTOTYPES = YES;
				CLANG_WARN_SUSPICIOUS_MOVE = YES;
				CLANG_WARN_UNGUARDED_AVAILABILITY = YES_AGGRESSIVE;
				CLANG_WARN_UNREACHABLE_CODE = YES;
				CLANG_WARN__DUPLICATE_METHOD_MATCH = YES;
				COPY_PHASE_STRIP = NO;
				DEBUG_INFORMATION_FORMAT = "dwarf-with-dsym";
				ENABLE_NS_ASSERTIONS = NO;
				ENABLE_STRICT_OBJC_MSGSEND = YES;
				GCC_C_LANGUAGE_STANDARD = gnu11;
				GCC_NO_COMMON_BLOCKS = YES;
				GCC_WARN_64_TO_32_BIT_CONVERSION = YES;
				GCC_WARN_ABOUT_RETURN_TYPE = YES_ERROR;
				GCC_WARN_UNDECLARED_SELECTOR = YES;
				GCC_WARN_UNINITIALIZED_AUTOS = YES_AGGRESSIVE;
				GCC_WARN_UNUSED_FUNCTION = YES;
				GCC_WARN_UNUSED_VARIABLE = YES;
				KERNEL_EXTENSION_HEADER_SEARCH_PATHS = "$(PROJECT_DIR)/MacKernelSDK/Headers";
				KERNEL_FRAMEWORK_HEADERS = "$(PROJECT_DIR)/MacKernelSDK/Headers";
				MACOSX_DEPLOYMENT_TARGET = 10.9;
				MTL_ENABLE_DEBUG_INFO = NO;
				MTL_FAST_MATH = YES;
				SDKROOT = macosx;
			};
			name = Release;
		};
		41D739AF2625050E00CD96B7 /* Debug */ = {
			isa = XCBuildConfiguration;
			buildSettings = {
				CLANG_WARN_QUOTED_INCLUDE_IN_FRAMEWORK_HEADER = NO;
				CODE_SIGN_STYLE = Automatic;
				COMBINE_HIDPI_IMAGES = YES;
				CURRENT_PROJECT_VERSION = 1.0.0d1;
				INFOPLIST_FILE = AzulNX2Ethernet/Info.plist;
				LIBRARY_SEARCH_PATHS = (
					"$(inherited)",
					"$(PROJECT_DIR)/MacKernelSDK/Library/x86_64",
				);
				MACOSX_DEPLOYMENT_TARGET = 10.9;
				MODULE_NAME = fish.goldfish64.AzulNX2Ethernet;
				MODULE_VERSION = 1.0.0d1;
				PRODUCT_BUNDLE_IDENTIFIER = fish.goldfish64.AzulNX2Ethernet;
				PRODUCT_NAME = "$(TARGET_NAME)";
				RUN_CLANG_STATIC_ANALYZER = YES;
				WRAPPER_EXTENSION = kext;
			};
			name = Debug;
		};
		41D739B02625050E00CD96B7 /* Release */ = {
			isa = XCBuildConfiguration;
			buildSettings = {
				CLANG_WARN_QUOTED_INCLUDE_IN_FRAMEWORK_HEADER = NO;
				CODE_SIGN_STYLE = Automatic;
				COMBINE_HIDPI_IMAGES = YES;
				CURRENT_PROJECT_VERSION = 1.0.0d1;
				INFOPLIST_FILE = AzulNX2Ethernet/Info.plist;
				LIBRARY_SEARCH_PATHS = (
					"$(inherited)",
					"$(PROJECT_DIR)/MacKernelSDK/Library/x86_64",
				);
				MACOSX_DEPLOYMENT_TARGET = 10.9;
				MODULE_NAME = fish.goldfish64.AzulNX2Ethernet;
				MODULE_VERSION = 1.0.0d1;
				PRODUCT_BUNDLE_IDENTIFIER = fish.goldfish64.AzulNX2Ethernet;
				PRODUCT_NAME = "$(TARGET_NAME)";
				RUN_CLANG_STATIC_ANALYZER = YES;
				WRAPPER_EXTENSION = kext;
			};
			name = Release;
		};
/* End XCBuildConfiguration section */

/* Begin XCConfigurationList section */
		41D7399E2625050D00CD96B7 /* Build configuration list for PBXProject "AzulNX2Ethernet" */ = {
			isa = XCConfigurationList;
			buildConfigurations = (
				41D739AC2625050E00CD96B7 /* Debug */,
				41D739AD2625050E00CD96B7 /* Release */,
			);
			defaultConfigurationIsVisible = 0;
			defaultConfigurationName = Release;
		};
		41D739AE2625050E00CD96B7 /* Build configuration list for PBXNativeTarget "AzulNX2Ethernet" */ = {
			isa = XCConfigurationList;
			buildConfigurations = (
				41D739AF2625050E00CD96B7 /* Debug */,
				41D739B02625050E00CD96B7 /* Release */,
			);
			defaultConfigurationIsVisible = 0;
			defaultConfigurationName = Release;
		};
/* End XCConfigurationList section */
	};
	rootObject = 41D7399B2625050D00CD96B7 /* Project object */;
}
